
Microsoft Visual Studio Solution File, Format Version 11.00
# Visual Studio 2010
Project("{FAE04EC0-301F-11D3-BF4B-00C04F79EFBC}") = "WebPartNode", "WebPartNode.csproj", "{2B1BF186-D0DF-4FD5-8D37-1975C54405D7}"
EndProject
Project("{FAE04EC0-301F-11D3-BF4B-00C04F79EFBC}") = "WebPartNodeExtension", "WebPartNodeExtension\WebPartNodeExtension.csproj", "{8FFE6C24-2B9F-4941-A381-2B3589FBFECE}"
EndProject
Project("{FAE04EC0-301F-11D3-BF4B-00C04F79EFBC}") = "WebPartCommands", "WebPartCommands\WebPartCommands.csproj", "{FA921916-5BC9-4096-AF6C-37FE410A8F48}"
EndProject
Global
	GlobalSection(SolutionConfigurationPlatforms) = preSolution
		Debug|Any CPU = Debug|Any CPU
		Release|Any CPU = Release|Any CPU
	EndGlobalSection
	GlobalSection(ProjectConfigurationPlatforms) = postSolution
		{2B1BF186-D0DF-4FD5-8D37-1975C54405D7}.Debug|Any CPU.ActiveCfg = Debug|Any CPU
		{2B1BF186-D0DF-4FD5-8D37-1975C54405D7}.Debug|Any CPU.Build.0 = Debug|Any CPU
		{2B1BF186-D0DF-4FD5-8D37-1975C54405D7}.Release|Any CPU.ActiveCfg = Release|Any CPU
		{2B1BF186-D0DF-4FD5-8D37-1975C54405D7}.Release|Any CPU.Build.0 = Release|Any CPU
		{8FFE6C24-2B9F-4941-A381-2B3589FBFECE}.Debug|Any CPU.ActiveCfg = Debug|Any CPU
		{8FFE6C24-2B9F-4941-A381-2B3589FBFECE}.Debug|Any CPU.Build.0 = Debug|Any CPU
		{8FFE6C24-2B9F-4941-A381-2B3589FBFECE}.Release|Any CPU.ActiveCfg = Release|Any CPU
		{8FFE6C24-2B9F-4941-A381-2B3589FBFECE}.Release|Any CPU.Build.0 = Release|Any CPU
		{FA921916-5BC9-4096-AF6C-37FE410A8F48}.Debug|Any CPU.ActiveCfg = Debug|Any CPU
		{FA921916-5BC9-4096-AF6C-37FE410A8F48}.Debug|Any CPU.Build.0 = Debug|Any CPU
		{FA921916-5BC9-4096-AF6C-37FE410A8F48}.Release|Any CPU.ActiveCfg = Release|Any CPU
		{FA921916-5BC9-4096-AF6C-37FE410A8F48}.Release|Any CPU.Build.0 = Release|Any CPU
	EndGlobalSection
	GlobalSection(SolutionProperties) = preSolution
		HideSolutionNode = FALSE
	EndGlobalSection
EndGlobal
