
Microsoft Visual Studio Solution File, Format Version 12.00
# Visual Studio 11
Project("{FAE04EC0-301F-11D3-BF4B-00C04F79EFBC}") = "Trin_Outlook_RL_DeleteContacts", "Trin_Outlook_RL_DeleteContacts.csproj", "{D28EAC6B-4C0D-406C-9F1B-65B733EFAD4E}"
EndProject
Global
	GlobalSection(SolutionConfigurationPlatforms) = preSolution
		Debug|Any CPU = Debug|Any CPU
		Release|Any CPU = Release|Any CPU
	EndGlobalSection
	GlobalSection(ProjectConfigurationPlatforms) = preSolution
		{D28EAC6B-4C0D-406C-9F1B-65B733EFAD4E}.Debug|Any CPU.ActiveCfg = Debug|Any CPU
		{D28EAC6B-4C0D-406C-9F1B-65B733EFAD4E}.Debug|Any CPU.Build.0 = Debug|Any CPU
		{D28EAC6B-4C0D-406C-9F1B-65B733EFAD4E}.Release|Any CPU.ActiveCfg = Release|Any CPU
		{D28EAC6B-4C0D-406C-9F1B-65B733EFAD4E}.Release|Any CPU.Build.0 = Release|Any CPU
	EndGlobalSection
	GlobalSection(SolutionProperties) = preSolution
		HideSolutionNode = FALSE
	EndGlobalSection
EndGlobal
