
Microsoft Visual Studio Solution File, Format Version 12.00
# Visual Studio 11
Project("{F184B08F-C81C-45F6-A57F-5ABD9991F28F}") = "Trin_VstcoreProgrammingExcelVB", "Trin_VstcoreProgrammingExcelVB.vbproj", "{B15F2714-EC09-4AEA-8CA8-9F5F9AAE06CF}"
EndProject
Global
	GlobalSection(SolutionConfigurationPlatforms) = preSolution
		Debug|Any CPU = Debug|Any CPU
		Release|Any CPU = Release|Any CPU
	EndGlobalSection
	GlobalSection(ProjectConfigurationPlatforms) = preSolution
		{B15F2714-EC09-4AEA-8CA8-9F5F9AAE06CF}.Debug|Any CPU.ActiveCfg = Debug|Any CPU
		{B15F2714-EC09-4AEA-8CA8-9F5F9AAE06CF}.Debug|Any CPU.Build.0 = Debug|Any CPU
		{B15F2714-EC09-4AEA-8CA8-9F5F9AAE06CF}.Release|Any CPU.ActiveCfg = Release|Any CPU
		{B15F2714-EC09-4AEA-8CA8-9F5F9AAE06CF}.Release|Any CPU.Build.0 = Release|Any CPU
	EndGlobalSection
	GlobalSection(SolutionProperties) = preSolution
		HideSolutionNode = FALSE
	EndGlobalSection
EndGlobal
