
Microsoft Visual Studio Solution File, Format Version 12.00
# Visual Studio 11
Project("{FAE04EC0-301F-11D3-BF4B-00C04F79EFBC}") = "Trin_VstcoreProgrammingWordCS", "Trin_VstcoreProgrammingWordCS.csproj", "{EC9D481B-F456-4515-B3F6-D95A3732B48C}"
EndProject
Global
	GlobalSection(SolutionConfigurationPlatforms) = preSolution
		Debug|Any CPU = Debug|Any CPU
		Release|Any CPU = Release|Any CPU
	EndGlobalSection
	GlobalSection(ProjectConfigurationPlatforms) = preSolution
		{EC9D481B-F456-4515-B3F6-D95A3732B48C}.Debug|Any CPU.ActiveCfg = Debug|Any CPU
		{EC9D481B-F456-4515-B3F6-D95A3732B48C}.Debug|Any CPU.Build.0 = Debug|Any CPU
		{EC9D481B-F456-4515-B3F6-D95A3732B48C}.Release|Any CPU.ActiveCfg = Release|Any CPU
		{EC9D481B-F456-4515-B3F6-D95A3732B48C}.Release|Any CPU.Build.0 = Release|Any CPU
	EndGlobalSection
	GlobalSection(SolutionProperties) = preSolution
		HideSolutionNode = FALSE
	EndGlobalSection
EndGlobal
