
Microsoft Visual Studio Solution File, Format Version 12.00
# Visual Studio 11
Project("{F184B08F-C81C-45F6-A57F-5ABD9991F28F}") = "Trin_Outlook_FR_Separate_O12", "Trin_Outlook_FR_Separate_O12.vbproj", "{9E1D686A-CFB3-4B1E-9854-45E8DF424E42}"
EndProject
Global
	GlobalSection(SolutionConfigurationPlatforms) = preSolution
		Debug|Any CPU = Debug|Any CPU
		Release|Any CPU = Release|Any CPU
	EndGlobalSection
	GlobalSection(ProjectConfigurationPlatforms) = preSolution
		{9E1D686A-CFB3-4B1E-9854-45E8DF424E42}.Debug|Any CPU.ActiveCfg = Debug|Any CPU
		{9E1D686A-CFB3-4B1E-9854-45E8DF424E42}.Debug|Any CPU.Build.0 = Debug|Any CPU
		{9E1D686A-CFB3-4B1E-9854-45E8DF424E42}.Release|Any CPU.ActiveCfg = Release|Any CPU
		{9E1D686A-CFB3-4B1E-9854-45E8DF424E42}.Release|Any CPU.Build.0 = Release|Any CPU
	EndGlobalSection
	GlobalSection(SolutionProperties) = preSolution
		HideSolutionNode = FALSE
	EndGlobalSection
EndGlobal
