
Microsoft Visual Studio Solution File, Format Version 11.00
# Visual Studio 2010
Project("{F184B08F-C81C-45F6-A57F-5ABD9991F28F}") = "GetProjectService", "GetProjectService.vbproj", "{C260AD11-68A8-476A-8D63-A9F629CE6BEE}"
EndProject
Project("{F184B08F-C81C-45F6-A57F-5ABD9991F28F}") = "Extension", "Extension\Extension.vbproj", "{CE38E49C-FE09-4152-B7F8-22312869E326}"
EndProject
Global
	GlobalSection(SolutionConfigurationPlatforms) = preSolution
		Debug|Any CPU = Debug|Any CPU
		Debug|Mixed Platforms = Debug|Mixed Platforms
		Debug|x86 = Debug|x86
		Release|Any CPU = Release|Any CPU
		Release|Mixed Platforms = Release|Mixed Platforms
		Release|x86 = Release|x86
	EndGlobalSection
	GlobalSection(ProjectConfigurationPlatforms) = postSolution
		{C260AD11-68A8-476A-8D63-A9F629CE6BEE}.Debug|Any CPU.ActiveCfg = Debug|Any CPU
		{C260AD11-68A8-476A-8D63-A9F629CE6BEE}.Debug|Any CPU.Build.0 = Debug|Any CPU
		{C260AD11-68A8-476A-8D63-A9F629CE6BEE}.Debug|Mixed Platforms.ActiveCfg = Debug|Any CPU
		{C260AD11-68A8-476A-8D63-A9F629CE6BEE}.Debug|Mixed Platforms.Build.0 = Debug|Any CPU
		{C260AD11-68A8-476A-8D63-A9F629CE6BEE}.Debug|x86.ActiveCfg = Debug|Any CPU
		{C260AD11-68A8-476A-8D63-A9F629CE6BEE}.Release|Any CPU.ActiveCfg = Release|Any CPU
		{C260AD11-68A8-476A-8D63-A9F629CE6BEE}.Release|Any CPU.Build.0 = Release|Any CPU
		{C260AD11-68A8-476A-8D63-A9F629CE6BEE}.Release|Mixed Platforms.ActiveCfg = Release|Any CPU
		{C260AD11-68A8-476A-8D63-A9F629CE6BEE}.Release|Mixed Platforms.Build.0 = Release|Any CPU
		{C260AD11-68A8-476A-8D63-A9F629CE6BEE}.Release|x86.ActiveCfg = Release|Any CPU
		{CE38E49C-FE09-4152-B7F8-22312869E326}.Debug|Any CPU.ActiveCfg = Debug|Any CPU
		{CE38E49C-FE09-4152-B7F8-22312869E326}.Debug|Any CPU.Build.0 = Debug|Any CPU
		{CE38E49C-FE09-4152-B7F8-22312869E326}.Debug|Mixed Platforms.ActiveCfg = Debug|Any CPU
		{CE38E49C-FE09-4152-B7F8-22312869E326}.Debug|Mixed Platforms.Build.0 = Debug|Any CPU
		{CE38E49C-FE09-4152-B7F8-22312869E326}.Debug|x86.ActiveCfg = Debug|Any CPU
		{CE38E49C-FE09-4152-B7F8-22312869E326}.Release|Any CPU.ActiveCfg = Release|Any CPU
		{CE38E49C-FE09-4152-B7F8-22312869E326}.Release|Any CPU.Build.0 = Release|Any CPU
		{CE38E49C-FE09-4152-B7F8-22312869E326}.Release|Mixed Platforms.ActiveCfg = Release|Any CPU
		{CE38E49C-FE09-4152-B7F8-22312869E326}.Release|Mixed Platforms.Build.0 = Release|Any CPU
		{CE38E49C-FE09-4152-B7F8-22312869E326}.Release|x86.ActiveCfg = Release|Any CPU
	EndGlobalSection
	GlobalSection(SolutionProperties) = preSolution
		HideSolutionNode = FALSE
	EndGlobalSection
EndGlobal
