
Microsoft Visual Studio Solution File, Format Version 11.00
# Visual Studio 2010
Project("{FAE04EC0-301F-11D3-BF4B-00C04F79EFBC}") = "GenerateExternalDataLists", "GenerateExternalDataLists.csproj", "{F1471751-7072-417C-8B84-57DF79C970B0}"
EndProject
Project("{FAE04EC0-301F-11D3-BF4B-00C04F79EFBC}") = "BdcProjectItemExtension", "BdcProjectItemExtension\BdcProjectItemExtension.csproj", "{7DF994AF-DFEF-4994-8C9C-298E69BE241E}"
EndProject
Global
	GlobalSection(SolutionConfigurationPlatforms) = preSolution
		Debug|Any CPU = Debug|Any CPU
		Release|Any CPU = Release|Any CPU
	EndGlobalSection
	GlobalSection(ProjectConfigurationPlatforms) = postSolution
		{F1471751-7072-417C-8B84-57DF79C970B0}.Debug|Any CPU.ActiveCfg = Debug|Any CPU
		{F1471751-7072-417C-8B84-57DF79C970B0}.Debug|Any CPU.Build.0 = Debug|Any CPU
		{F1471751-7072-417C-8B84-57DF79C970B0}.Release|Any CPU.ActiveCfg = Release|Any CPU
		{F1471751-7072-417C-8B84-57DF79C970B0}.Release|Any CPU.Build.0 = Release|Any CPU
		{7DF994AF-DFEF-4994-8C9C-298E69BE241E}.Debug|Any CPU.ActiveCfg = Debug|Any CPU
		{7DF994AF-DFEF-4994-8C9C-298E69BE241E}.Debug|Any CPU.Build.0 = Debug|Any CPU
		{7DF994AF-DFEF-4994-8C9C-298E69BE241E}.Release|Any CPU.ActiveCfg = Release|Any CPU
		{7DF994AF-DFEF-4994-8C9C-298E69BE241E}.Release|Any CPU.Build.0 = Release|Any CPU
	EndGlobalSection
	GlobalSection(SolutionProperties) = preSolution
		HideSolutionNode = FALSE
	EndGlobalSection
EndGlobal
