
Microsoft Visual Studio Solution File, Format Version 12.00
# Visual Studio 11
Project("{FAE04EC0-301F-11D3-BF4B-00C04F79EFBC}") = "Trin_Outlook_RL_MeetingRequest", "Trin_Outlook_RL_MeetingRequest.csproj", "{CDC5104B-D8E9-4753-85CF-137762679AFE}"
EndProject
Global
	GlobalSection(SolutionConfigurationPlatforms) = preSolution
		Debug|Any CPU = Debug|Any CPU
		Release|Any CPU = Release|Any CPU
	EndGlobalSection
	GlobalSection(ProjectConfigurationPlatforms) = preSolution
		{CDC5104B-D8E9-4753-85CF-137762679AFE}.Debug|Any CPU.ActiveCfg = Debug|Any CPU
		{CDC5104B-D8E9-4753-85CF-137762679AFE}.Debug|Any CPU.Build.0 = Debug|Any CPU
		{CDC5104B-D8E9-4753-85CF-137762679AFE}.Release|Any CPU.ActiveCfg = Release|Any CPU
		{CDC5104B-D8E9-4753-85CF-137762679AFE}.Release|Any CPU.Build.0 = Release|Any CPU
	EndGlobalSection
	GlobalSection(SolutionProperties) = preSolution
		HideSolutionNode = FALSE
	EndGlobalSection
EndGlobal
