
Microsoft Visual Studio Solution File, Format Version 12.00
# Visual Studio 11
Project("{F184B08F-C81C-45F6-A57F-5ABD9991F28F}") = "Trin_OutlookMailItemTaskPane", "Trin_OutlookMailItemTaskPane.vbproj", "{E51598C7-01B8-4309-BCAE-829F1E4AF716}"
EndProject
Global
	GlobalSection(SolutionConfigurationPlatforms) = preSolution
		Debug|Any CPU = Debug|Any CPU
		Release|Any CPU = Release|Any CPU
	EndGlobalSection
	GlobalSection(ProjectConfigurationPlatforms) = preSolution
		{E51598C7-01B8-4309-BCAE-829F1E4AF716}.Debug|Any CPU.ActiveCfg = Debug|Any CPU
		{E51598C7-01B8-4309-BCAE-829F1E4AF716}.Debug|Any CPU.Build.0 = Debug|Any CPU
		{E51598C7-01B8-4309-BCAE-829F1E4AF716}.Release|Any CPU.ActiveCfg = Release|Any CPU
		{E51598C7-01B8-4309-BCAE-829F1E4AF716}.Release|Any CPU.Build.0 = Release|Any CPU
	EndGlobalSection
	GlobalSection(SolutionProperties) = preSolution
		HideSolutionNode = FALSE
	EndGlobalSection
EndGlobal
