
Microsoft Visual Studio Solution File, Format Version 12.00
# Visual Studio 11
Project("{FAE04EC0-301F-11D3-BF4B-00C04F79EFBC}") = "Trin_OutlookAddInTutorial", "Trin_OutlookAddInTutorial.csproj", "{9E437599-00EB-4471-B8AF-A5E7C06C10FE}"
EndProject
Global
	GlobalSection(SolutionConfigurationPlatforms) = preSolution
		Debug|Any CPU = Debug|Any CPU
		Release|Any CPU = Release|Any CPU
	EndGlobalSection
	GlobalSection(ProjectConfigurationPlatforms) = preSolution
		{9E437599-00EB-4471-B8AF-A5E7C06C10FE}.Debug|Any CPU.ActiveCfg = Debug|Any CPU
		{9E437599-00EB-4471-B8AF-A5E7C06C10FE}.Debug|Any CPU.Build.0 = Debug|Any CPU
		{9E437599-00EB-4471-B8AF-A5E7C06C10FE}.Release|Any CPU.ActiveCfg = Release|Any CPU
		{9E437599-00EB-4471-B8AF-A5E7C06C10FE}.Release|Any CPU.Build.0 = Release|Any CPU
	EndGlobalSection
	GlobalSection(SolutionProperties) = preSolution
		HideSolutionNode = FALSE
	EndGlobalSection
EndGlobal
