
Microsoft Visual Studio Solution File, Format Version 11.00
# Visual Studio 10
Project("{FAE04EC0-301F-11D3-BF4B-00C04F79EFBC}") = "SP_BDC_Entity_Data_Class", "SP_BDC_Entity_Data_Class.csproj", "{D5F11383-30FE-4EEB-A2A2-4A8D7C3B6483}"
EndProject
Global
	GlobalSection(SolutionConfigurationPlatforms) = preSolution
		Debug|Any CPU = Debug|Any CPU
		Release|Any CPU = Release|Any CPU
	EndGlobalSection
	GlobalSection(ProjectConfigurationPlatforms) = postSolution
		{D5F11383-30FE-4EEB-A2A2-4A8D7C3B6483}.Debug|Any CPU.ActiveCfg = Debug|Any CPU
		{D5F11383-30FE-4EEB-A2A2-4A8D7C3B6483}.Debug|Any CPU.Build.0 = Debug|Any CPU
		{D5F11383-30FE-4EEB-A2A2-4A8D7C3B6483}.Debug|Any CPU.Deploy.0 = Debug|Any CPU
		{D5F11383-30FE-4EEB-A2A2-4A8D7C3B6483}.Release|Any CPU.ActiveCfg = Release|Any CPU
		{D5F11383-30FE-4EEB-A2A2-4A8D7C3B6483}.Release|Any CPU.Build.0 = Release|Any CPU
		{D5F11383-30FE-4EEB-A2A2-4A8D7C3B6483}.Release|Any CPU.Deploy.0 = Release|Any CPU
	EndGlobalSection
	GlobalSection(SolutionProperties) = preSolution
		HideSolutionNode = FALSE
	EndGlobalSection
EndGlobal
