
Microsoft Visual Studio Solution File, Format Version 12.00
# Visual Studio 11
Project("{FAE04EC0-301F-11D3-BF4B-00C04F79EFBC}") = "Trin_VstcoreVisioAutomationAddIn", "Trin_VstcoreVisioAutomationAddIn.csproj", "{D04A7DC3-0D49-4584-8D13-435A5AF4B5FA}"
EndProject
Global
	GlobalSection(SolutionConfigurationPlatforms) = preSolution
		Debug|Any CPU = Debug|Any CPU
		Release|Any CPU = Release|Any CPU
	EndGlobalSection
	GlobalSection(ProjectConfigurationPlatforms) = preSolution
		{D04A7DC3-0D49-4584-8D13-435A5AF4B5FA}.Debug|Any CPU.ActiveCfg = Debug|Any CPU
		{D04A7DC3-0D49-4584-8D13-435A5AF4B5FA}.Debug|Any CPU.Build.0 = Debug|Any CPU
		{D04A7DC3-0D49-4584-8D13-435A5AF4B5FA}.Release|Any CPU.ActiveCfg = Release|Any CPU
		{D04A7DC3-0D49-4584-8D13-435A5AF4B5FA}.Release|Any CPU.Build.0 = Release|Any CPU
	EndGlobalSection
	GlobalSection(SolutionProperties) = preSolution
		HideSolutionNode = FALSE
	EndGlobalSection
EndGlobal
