
Microsoft Visual Studio Solution File, Format Version 12.00
# Visual Studio 11
Project("{F184B08F-C81C-45F6-A57F-5ABD9991F28F}") = "Trin_AddCustomXmlPartExcelAppLevel", "Trin_AddCustomXmlPartExcelAppLevel.vbproj", "{E41480BA-AFA1-466C-AAA0-1FD1DAEDA4F1}"
EndProject
Global
	GlobalSection(SolutionConfigurationPlatforms) = preSolution
		Debug|Any CPU = Debug|Any CPU
		Release|Any CPU = Release|Any CPU
	EndGlobalSection
	GlobalSection(ProjectConfigurationPlatforms) = preSolution
		{E41480BA-AFA1-466C-AAA0-1FD1DAEDA4F1}.Debug|Any CPU.ActiveCfg = Debug|Any CPU
		{E41480BA-AFA1-466C-AAA0-1FD1DAEDA4F1}.Debug|Any CPU.Build.0 = Debug|Any CPU
		{E41480BA-AFA1-466C-AAA0-1FD1DAEDA4F1}.Release|Any CPU.ActiveCfg = Release|Any CPU
		{E41480BA-AFA1-466C-AAA0-1FD1DAEDA4F1}.Release|Any CPU.Build.0 = Release|Any CPU
	EndGlobalSection
	GlobalSection(SolutionProperties) = preSolution
		HideSolutionNode = FALSE
	EndGlobalSection
EndGlobal
