
Microsoft Visual Studio Solution File, Format Version 12.00
# Visual Studio 11
Project("{F184B08F-C81C-45F6-A57F-5ABD9991F28F}") = "EmployeeControls", "EmployeeControls.vbproj", "{FF92DECF-67B1-41EA-B576-DEAAFA121E5D}"
EndProject
Global
	GlobalSection(SolutionConfigurationPlatforms) = preSolution
		Debug|Any CPU = Debug|Any CPU
		Release|Any CPU = Release|Any CPU
	EndGlobalSection
	GlobalSection(ProjectConfigurationPlatforms) = preSolution
		{FF92DECF-67B1-41EA-B576-DEAAFA121E5D}.Debug|Any CPU.ActiveCfg = Debug|Any CPU
		{FF92DECF-67B1-41EA-B576-DEAAFA121E5D}.Debug|Any CPU.Build.0 = Debug|Any CPU
		{FF92DECF-67B1-41EA-B576-DEAAFA121E5D}.Release|Any CPU.ActiveCfg = Release|Any CPU
		{FF92DECF-67B1-41EA-B576-DEAAFA121E5D}.Release|Any CPU.Build.0 = Release|Any CPU
	EndGlobalSection
	GlobalSection(SolutionProperties) = preSolution
		HideSolutionNode = FALSE
	EndGlobalSection
EndGlobal
