
Microsoft Visual Studio Solution File, Format Version 12.00
# Visual Studio 11
Project("{FAE04EC0-301F-11D3-BF4B-00C04F79EFBC}") = "AdventureWorksDataSet", "AdventureWorksDataSet.csproj", "{33D5C6FE-1B79-44B2-94A0-DBD71CCF9EAC}"
EndProject
Project("{FAE04EC0-301F-11D3-BF4B-00C04F79EFBC}") = "AdventureWorksReport", "AdventureWorksReport\AdventureWorksReport.csproj", "{2503DF51-C1EA-4197-ABF0-9742FBF12552}"
EndProject
Project("{FAE04EC0-301F-11D3-BF4B-00C04F79EFBC}") = "DataWriter", "DataWriter\DataWriter.csproj", "{83667E4B-6852-44A4-8B78-FD0D82785313}"
EndProject
Global
	GlobalSection(SolutionConfigurationPlatforms) = preSolution
		Debug|Any CPU = Debug|Any CPU
		Release|Any CPU = Release|Any CPU
	EndGlobalSection
	GlobalSection(ProjectConfigurationPlatforms) = preSolution
		{2503DF51-C1EA-4197-ABF0-9742FBF12552}.Debug|Any CPU.ActiveCfg = Debug|Any CPU
		{2503DF51-C1EA-4197-ABF0-9742FBF12552}.Debug|Any CPU.Build.0 = Debug|Any CPU
		{2503DF51-C1EA-4197-ABF0-9742FBF12552}.Release|Any CPU.ActiveCfg = Release|Any CPU
		{2503DF51-C1EA-4197-ABF0-9742FBF12552}.Release|Any CPU.Build.0 = Release|Any CPU
		{33D5C6FE-1B79-44B2-94A0-DBD71CCF9EAC}.Debug|Any CPU.ActiveCfg = Debug|Any CPU
		{33D5C6FE-1B79-44B2-94A0-DBD71CCF9EAC}.Debug|Any CPU.Build.0 = Debug|Any CPU
		{33D5C6FE-1B79-44B2-94A0-DBD71CCF9EAC}.Release|Any CPU.ActiveCfg = Release|Any CPU
		{33D5C6FE-1B79-44B2-94A0-DBD71CCF9EAC}.Release|Any CPU.Build.0 = Release|Any CPU
		{83667E4B-6852-44A4-8B78-FD0D82785313}.Debug|Any CPU.ActiveCfg = Debug|Any CPU
		{83667E4B-6852-44A4-8B78-FD0D82785313}.Debug|Any CPU.Build.0 = Debug|Any CPU
		{83667E4B-6852-44A4-8B78-FD0D82785313}.Release|Any CPU.ActiveCfg = Release|Any CPU
		{83667E4B-6852-44A4-8B78-FD0D82785313}.Release|Any CPU.Build.0 = Release|Any CPU
	EndGlobalSection
	GlobalSection(SolutionProperties) = preSolution
		HideSolutionNode = FALSE
	EndGlobalSection
EndGlobal
