
Microsoft Visual Studio Solution File, Format Version 11.00
# Visual Studio 2010
Project("{F184B08F-C81C-45F6-A57F-5ABD9991F28F}") = "Trin_VstcoreCreatingExcelVB", "Trin_VstcoreCreatingExcelVB.vbproj", "{28564BFF-24EA-4213-ADE6-B2ED6DC7B08D}"
EndProject
Global
	GlobalSection(SolutionConfigurationPlatforms) = preSolution
		Debug|Any CPU = Debug|Any CPU
		Release|Any CPU = Release|Any CPU
	EndGlobalSection
	GlobalSection(ProjectConfigurationPlatforms) = postSolution
		{28564BFF-24EA-4213-ADE6-B2ED6DC7B08D}.Debug|Any CPU.ActiveCfg = Debug|Any CPU
		{28564BFF-24EA-4213-ADE6-B2ED6DC7B08D}.Debug|Any CPU.Build.0 = Debug|Any CPU
		{28564BFF-24EA-4213-ADE6-B2ED6DC7B08D}.Release|Any CPU.ActiveCfg = Release|Any CPU
		{28564BFF-24EA-4213-ADE6-B2ED6DC7B08D}.Release|Any CPU.Build.0 = Release|Any CPU
	EndGlobalSection
	GlobalSection(SolutionProperties) = preSolution
		HideSolutionNode = FALSE
	EndGlobalSection
EndGlobal
