
Microsoft Visual Studio Solution File, Format Version 11.00
# Visual Studio 2010
Project("{FAE04EC0-301F-11D3-BF4B-00C04F79EFBC}") = "GetProjectService", "GetProjectService.csproj", "{202B6B5B-6471-401C-8B10-F4EAD4F67198}"
EndProject
Project("{FAE04EC0-301F-11D3-BF4B-00C04F79EFBC}") = "Extension", "Extension\Extension.csproj", "{4CAEBAE1-B914-4146-B0D1-EE502A94D22C}"
EndProject
Global
	GlobalSection(SolutionConfigurationPlatforms) = preSolution
		Debug|Any CPU = Debug|Any CPU
		Release|Any CPU = Release|Any CPU
	EndGlobalSection
	GlobalSection(ProjectConfigurationPlatforms) = postSolution
		{202B6B5B-6471-401C-8B10-F4EAD4F67198}.Debug|Any CPU.ActiveCfg = Debug|Any CPU
		{202B6B5B-6471-401C-8B10-F4EAD4F67198}.Debug|Any CPU.Build.0 = Debug|Any CPU
		{202B6B5B-6471-401C-8B10-F4EAD4F67198}.Release|Any CPU.ActiveCfg = Release|Any CPU
		{202B6B5B-6471-401C-8B10-F4EAD4F67198}.Release|Any CPU.Build.0 = Release|Any CPU
		{4CAEBAE1-B914-4146-B0D1-EE502A94D22C}.Debug|Any CPU.ActiveCfg = Debug|Any CPU
		{4CAEBAE1-B914-4146-B0D1-EE502A94D22C}.Debug|Any CPU.Build.0 = Debug|Any CPU
		{4CAEBAE1-B914-4146-B0D1-EE502A94D22C}.Release|Any CPU.ActiveCfg = Release|Any CPU
		{4CAEBAE1-B914-4146-B0D1-EE502A94D22C}.Release|Any CPU.Build.0 = Release|Any CPU
	EndGlobalSection
	GlobalSection(SolutionProperties) = preSolution
		HideSolutionNode = FALSE
	EndGlobalSection
EndGlobal
