
Microsoft Visual Studio Solution File, Format Version 12.00
# Visual Studio 11
Project("{FAE04EC0-301F-11D3-BF4B-00C04F79EFBC}") = "Trin_WordAddIn_BindingDataToContentControl", "Trin_WordAddIn_BindingDataToContentControl.csproj", "{BF886989-D112-449A-9616-4D895B5A5114}"
EndProject
Global
	GlobalSection(SolutionConfigurationPlatforms) = preSolution
		Debug|Any CPU = Debug|Any CPU
		Release|Any CPU = Release|Any CPU
	EndGlobalSection
	GlobalSection(ProjectConfigurationPlatforms) = preSolution
		{BF886989-D112-449A-9616-4D895B5A5114}.Debug|Any CPU.ActiveCfg = Debug|Any CPU
		{BF886989-D112-449A-9616-4D895B5A5114}.Debug|Any CPU.Build.0 = Debug|Any CPU
		{BF886989-D112-449A-9616-4D895B5A5114}.Release|Any CPU.ActiveCfg = Release|Any CPU
		{BF886989-D112-449A-9616-4D895B5A5114}.Release|Any CPU.Build.0 = Release|Any CPU
	EndGlobalSection
	GlobalSection(SolutionProperties) = preSolution
		HideSolutionNode = FALSE
	EndGlobalSection
EndGlobal
