
Microsoft Visual Studio Solution File, Format Version 12.00
# Visual Studio 11
Project("{FAE04EC0-301F-11D3-BF4B-00C04F79EFBC}") = "Trin_VstcoreOutlookSecurity", "Trin_VstcoreOutlookSecurity.csproj", "{3C26370B-54E0-4856-A324-F225ED37B45A}"
EndProject
Global
	GlobalSection(SolutionConfigurationPlatforms) = preSolution
		Debug|Any CPU = Debug|Any CPU
		Release|Any CPU = Release|Any CPU
	EndGlobalSection
	GlobalSection(ProjectConfigurationPlatforms) = preSolution
		{3C26370B-54E0-4856-A324-F225ED37B45A}.Debug|Any CPU.ActiveCfg = Debug|Any CPU
		{3C26370B-54E0-4856-A324-F225ED37B45A}.Debug|Any CPU.Build.0 = Debug|Any CPU
		{3C26370B-54E0-4856-A324-F225ED37B45A}.Release|Any CPU.ActiveCfg = Release|Any CPU
		{3C26370B-54E0-4856-A324-F225ED37B45A}.Release|Any CPU.Build.0 = Release|Any CPU
	EndGlobalSection
	GlobalSection(SolutionProperties) = preSolution
		HideSolutionNode = FALSE
	EndGlobalSection
EndGlobal
