
Microsoft Visual Studio Solution File, Format Version 12.00
# Visual Studio 11
Project("{FAE04EC0-301F-11D3-BF4B-00C04F79EFBC}") = "Ribbon_Update_At_Runtime", "Ribbon_Update_At_Runtime.csproj", "{EE770598-47F9-48E5-AA11-7C2FB9D4122F}"
EndProject
Global
	GlobalSection(SolutionConfigurationPlatforms) = preSolution
		Debug|Any CPU = Debug|Any CPU
		Release|Any CPU = Release|Any CPU
	EndGlobalSection
	GlobalSection(ProjectConfigurationPlatforms) = preSolution
		{EE770598-47F9-48E5-AA11-7C2FB9D4122F}.Debug|Any CPU.ActiveCfg = Debug|Any CPU
		{EE770598-47F9-48E5-AA11-7C2FB9D4122F}.Debug|Any CPU.Build.0 = Debug|Any CPU
		{EE770598-47F9-48E5-AA11-7C2FB9D4122F}.Release|Any CPU.ActiveCfg = Release|Any CPU
		{EE770598-47F9-48E5-AA11-7C2FB9D4122F}.Release|Any CPU.Build.0 = Release|Any CPU
	EndGlobalSection
	GlobalSection(SolutionProperties) = preSolution
		HideSolutionNode = FALSE
	EndGlobalSection
EndGlobal
