
Microsoft Visual Studio Solution File, Format Version 12.00
# Visual Studio 11
Project("{FAE04EC0-301F-11D3-BF4B-00C04F79EFBC}") = "ContentControlTemplateWalkthrough", "ContentControlTemplateWalkthrough.csproj", "{DE247441-4B2E-45C9-8879-40F4CF323D09}"
EndProject
Global
	GlobalSection(SolutionConfigurationPlatforms) = preSolution
		Debug|Any CPU = Debug|Any CPU
		Release|Any CPU = Release|Any CPU
	EndGlobalSection
	GlobalSection(ProjectConfigurationPlatforms) = preSolution
		{DE247441-4B2E-45C9-8879-40F4CF323D09}.Debug|Any CPU.ActiveCfg = Debug|Any CPU
		{DE247441-4B2E-45C9-8879-40F4CF323D09}.Debug|Any CPU.Build.0 = Debug|Any CPU
		{DE247441-4B2E-45C9-8879-40F4CF323D09}.Release|Any CPU.ActiveCfg = Release|Any CPU
		{DE247441-4B2E-45C9-8879-40F4CF323D09}.Release|Any CPU.Build.0 = Release|Any CPU
	EndGlobalSection
	GlobalSection(SolutionProperties) = preSolution
		HideSolutionNode = FALSE
	EndGlobalSection
EndGlobal
