
Microsoft Visual Studio Solution File, Format Version 12.00
# Visual Studio 11
Project("{F184B08F-C81C-45F6-A57F-5ABD9991F28F}") = "Trin_BindableComponent", "Trin_BindableComponent.vbproj", "{07294ED4-0E42-4AB4-8DF8-12F2AF141AFE}"
EndProject
Global
	GlobalSection(SolutionConfigurationPlatforms) = preSolution
		Debug|Any CPU = Debug|Any CPU
		Release|Any CPU = Release|Any CPU
	EndGlobalSection
	GlobalSection(ProjectConfigurationPlatforms) = preSolution
		{07294ED4-0E42-4AB4-8DF8-12F2AF141AFE}.Debug|Any CPU.ActiveCfg = Debug|Any CPU
		{07294ED4-0E42-4AB4-8DF8-12F2AF141AFE}.Debug|Any CPU.Build.0 = Debug|Any CPU
		{07294ED4-0E42-4AB4-8DF8-12F2AF141AFE}.Release|Any CPU.ActiveCfg = Release|Any CPU
		{07294ED4-0E42-4AB4-8DF8-12F2AF141AFE}.Release|Any CPU.Build.0 = Release|Any CPU
	EndGlobalSection
	GlobalSection(SolutionProperties) = preSolution
		HideSolutionNode = FALSE
	EndGlobalSection
EndGlobal
