
Microsoft Visual Studio Solution File, Format Version 12.00
# Visual Studio 11
Project("{FAE04EC0-301F-11D3-BF4B-00C04F79EFBC}") = "Trin_OL_CurrentItem", "Trin_OL_CurrentItem.csproj", "{7FAD48B9-57A7-43AE-980A-FCA4A2020A9E}"
EndProject
Global
	GlobalSection(SolutionConfigurationPlatforms) = preSolution
		Debug|Any CPU = Debug|Any CPU
		Release|Any CPU = Release|Any CPU
	EndGlobalSection
	GlobalSection(ProjectConfigurationPlatforms) = preSolution
		{7FAD48B9-57A7-43AE-980A-FCA4A2020A9E}.Debug|Any CPU.ActiveCfg = Debug|Any CPU
		{7FAD48B9-57A7-43AE-980A-FCA4A2020A9E}.Debug|Any CPU.Build.0 = Debug|Any CPU
		{7FAD48B9-57A7-43AE-980A-FCA4A2020A9E}.Release|Any CPU.ActiveCfg = Release|Any CPU
		{7FAD48B9-57A7-43AE-980A-FCA4A2020A9E}.Release|Any CPU.Build.0 = Release|Any CPU
	EndGlobalSection
	GlobalSection(SolutionProperties) = preSolution
		HideSolutionNode = FALSE
	EndGlobalSection
EndGlobal
