
Microsoft Visual Studio Solution File, Format Version 12.00
# Visual Studio 11
Project("{FAE04EC0-301F-11D3-BF4B-00C04F79EFBC}") = "Trin_TaskPaneMonthCalendar", "Trin_TaskPaneMonthCalendar.csproj", "{FED7E5C4-FB5B-4B9A-AE73-AFF6992519BB}"
EndProject
Global
	GlobalSection(SolutionConfigurationPlatforms) = preSolution
		Debug|Any CPU = Debug|Any CPU
		Release|Any CPU = Release|Any CPU
	EndGlobalSection
	GlobalSection(ProjectConfigurationPlatforms) = preSolution
		{FED7E5C4-FB5B-4B9A-AE73-AFF6992519BB}.Debug|Any CPU.ActiveCfg = Debug|Any CPU
		{FED7E5C4-FB5B-4B9A-AE73-AFF6992519BB}.Debug|Any CPU.Build.0 = Debug|Any CPU
		{FED7E5C4-FB5B-4B9A-AE73-AFF6992519BB}.Release|Any CPU.ActiveCfg = Release|Any CPU
		{FED7E5C4-FB5B-4B9A-AE73-AFF6992519BB}.Release|Any CPU.Build.0 = Release|Any CPU
	EndGlobalSection
	GlobalSection(SolutionProperties) = preSolution
		HideSolutionNode = FALSE
	EndGlobalSection
EndGlobal
