
Microsoft Visual Studio Solution File, Format Version 12.00
# Visual Studio 11
Project("{F184B08F-C81C-45F6-A57F-5ABD9991F28F}") = "My Chart Options", "My Chart Options.vbproj", "{449CA928-9C0E-4CFA-B6D2-483BF528D792}"
EndProject
Global
	GlobalSection(SolutionConfigurationPlatforms) = preSolution
		Debug|Any CPU = Debug|Any CPU
		Release|Any CPU = Release|Any CPU
	EndGlobalSection
	GlobalSection(ProjectConfigurationPlatforms) = preSolution
		{449CA928-9C0E-4CFA-B6D2-483BF528D792}.Debug|Any CPU.ActiveCfg = Debug|Any CPU
		{449CA928-9C0E-4CFA-B6D2-483BF528D792}.Debug|Any CPU.Build.0 = Debug|Any CPU
		{449CA928-9C0E-4CFA-B6D2-483BF528D792}.Release|Any CPU.ActiveCfg = Release|Any CPU
		{449CA928-9C0E-4CFA-B6D2-483BF528D792}.Release|Any CPU.Build.0 = Release|Any CPU
	EndGlobalSection
	GlobalSection(SolutionProperties) = preSolution
		HideSolutionNode = FALSE
	EndGlobalSection
EndGlobal
