
Microsoft Visual Studio Solution File, Format Version 12.00
# Visual Studio 11
Project("{FAE04EC0-301F-11D3-BF4B-00C04F79EFBC}") = "Trin_VstcoreHostControlsExcelCS", "Trin_VstcoreHostControlsExcelCS.csproj", "{C2381696-FC1B-4E0A-95EC-21CCA8D2B642}"
EndProject
Global
	GlobalSection(SolutionConfigurationPlatforms) = preSolution
		Debug|Any CPU = Debug|Any CPU
		Release|Any CPU = Release|Any CPU
	EndGlobalSection
	GlobalSection(ProjectConfigurationPlatforms) = preSolution
		{C2381696-FC1B-4E0A-95EC-21CCA8D2B642}.Debug|Any CPU.ActiveCfg = Debug|Any CPU
		{C2381696-FC1B-4E0A-95EC-21CCA8D2B642}.Debug|Any CPU.Build.0 = Debug|Any CPU
		{C2381696-FC1B-4E0A-95EC-21CCA8D2B642}.Release|Any CPU.ActiveCfg = Release|Any CPU
		{C2381696-FC1B-4E0A-95EC-21CCA8D2B642}.Release|Any CPU.Build.0 = Release|Any CPU
	EndGlobalSection
	GlobalSection(SolutionProperties) = preSolution
		HideSolutionNode = FALSE
	EndGlobalSection
EndGlobal
