
Microsoft Visual Studio Solution File, Format Version 12.00
# Visual Studio 15
VisualStudioVersion = 15.0.26730.3
MinimumVisualStudioVersion = 10.0.40219.1
Project("{F184B08F-C81C-45F6-A57F-5ABD9991F28F}") = "StringLibrary", "StringLibrary\StringLibrary.vbproj", "{1C585DBA-57BE-4AF6-BE01-662EAE4E59C5}"
EndProject
Project("{F184B08F-C81C-45F6-A57F-5ABD9991F28F}") = "StringLibraryTests", "StringLibraryTests\StringLibraryTests.vbproj", "{B0953D97-DAFF-434C-8F5D-78A99D9F3D2D}"
EndProject
Global
	GlobalSection(SolutionConfigurationPlatforms) = preSolution
		Debug|Any CPU = Debug|Any CPU
		Release|Any CPU = Release|Any CPU
	EndGlobalSection
	GlobalSection(ProjectConfigurationPlatforms) = postSolution
		{1C585DBA-57BE-4AF6-BE01-662EAE4E59C5}.Debug|Any CPU.ActiveCfg = Debug|Any CPU
		{1C585DBA-57BE-4AF6-BE01-662EAE4E59C5}.Debug|Any CPU.Build.0 = Debug|Any CPU
		{1C585DBA-57BE-4AF6-BE01-662EAE4E59C5}.Release|Any CPU.ActiveCfg = Release|Any CPU
		{1C585DBA-57BE-4AF6-BE01-662EAE4E59C5}.Release|Any CPU.Build.0 = Release|Any CPU
		{B0953D97-DAFF-434C-8F5D-78A99D9F3D2D}.Debug|Any CPU.ActiveCfg = Debug|Any CPU
		{B0953D97-DAFF-434C-8F5D-78A99D9F3D2D}.Debug|Any CPU.Build.0 = Debug|Any CPU
		{B0953D97-DAFF-434C-8F5D-78A99D9F3D2D}.Release|Any CPU.ActiveCfg = Release|Any CPU
		{B0953D97-DAFF-434C-8F5D-78A99D9F3D2D}.Release|Any CPU.Build.0 = Release|Any CPU
	EndGlobalSection
	GlobalSection(SolutionProperties) = preSolution
		HideSolutionNode = FALSE
	EndGlobalSection
	GlobalSection(ExtensibilityGlobals) = postSolution
		SolutionGuid = {97FD36C6-D611-41E2-8612-A17F35988D23}
	EndGlobalSection
EndGlobal
