
Microsoft Visual Studio Solution File, Format Version 12.00
# Visual Studio 11
Project("{FAE04EC0-301F-11D3-BF4B-00C04F79EFBC}") = "Trin_VstcoreTroubleshootingExcelCS", "Trin_VstcoreTroubleshootingExcelCS.csproj", "{59D15B78-10D7-415F-BEFF-2C6F3DD42CC2}"
EndProject
Global
	GlobalSection(SolutionConfigurationPlatforms) = preSolution
		Debug|Any CPU = Debug|Any CPU
		Release|Any CPU = Release|Any CPU
	EndGlobalSection
	GlobalSection(ProjectConfigurationPlatforms) = preSolution
		{59D15B78-10D7-415F-BEFF-2C6F3DD42CC2}.Debug|Any CPU.ActiveCfg = Debug|Any CPU
		{59D15B78-10D7-415F-BEFF-2C6F3DD42CC2}.Debug|Any CPU.Build.0 = Debug|Any CPU
		{59D15B78-10D7-415F-BEFF-2C6F3DD42CC2}.Release|Any CPU.ActiveCfg = Release|Any CPU
		{59D15B78-10D7-415F-BEFF-2C6F3DD42CC2}.Release|Any CPU.Build.0 = Release|Any CPU
	EndGlobalSection
	GlobalSection(SolutionProperties) = preSolution
		HideSolutionNode = FALSE
	EndGlobalSection
EndGlobal
