
Microsoft Visual Studio Solution File, Format Version 12.00
# Visual Studio 11
Project("{FAE04EC0-301F-11D3-BF4B-00C04F79EFBC}") = "Trin_VstcoreProgrammingExcelCS", "Trin_VstcoreProgrammingExcelCS.csproj", "{C8FD9CC5-3405-41D1-B3F1-10014F261724}"
EndProject
Global
	GlobalSection(SolutionConfigurationPlatforms) = preSolution
		Debug|Any CPU = Debug|Any CPU
		Release|Any CPU = Release|Any CPU
	EndGlobalSection
	GlobalSection(ProjectConfigurationPlatforms) = preSolution
		{C8FD9CC5-3405-41D1-B3F1-10014F261724}.Debug|Any CPU.ActiveCfg = Debug|Any CPU
		{C8FD9CC5-3405-41D1-B3F1-10014F261724}.Debug|Any CPU.Build.0 = Debug|Any CPU
		{C8FD9CC5-3405-41D1-B3F1-10014F261724}.Release|Any CPU.ActiveCfg = Release|Any CPU
		{C8FD9CC5-3405-41D1-B3F1-10014F261724}.Release|Any CPU.Build.0 = Release|Any CPU
	EndGlobalSection
	GlobalSection(SolutionProperties) = preSolution
		HideSolutionNode = FALSE
	EndGlobalSection
EndGlobal
