
Microsoft Visual Studio Solution File, Format Version 12.00
# Visual Studio 11
Project("{FAE04EC0-301F-11D3-BF4B-00C04F79EFBC}") = "Trin_Ribbon_Custom_Tab", "Trin_Ribbon_Custom_Tab.csproj", "{0AE85611-066D-455F-9A23-766194F06039}"
EndProject
Global
	GlobalSection(SolutionConfigurationPlatforms) = preSolution
		Debug|Any CPU = Debug|Any CPU
		Release|Any CPU = Release|Any CPU
	EndGlobalSection
	GlobalSection(ProjectConfigurationPlatforms) = preSolution
		{0AE85611-066D-455F-9A23-766194F06039}.Debug|Any CPU.ActiveCfg = Debug|Any CPU
		{0AE85611-066D-455F-9A23-766194F06039}.Debug|Any CPU.Build.0 = Debug|Any CPU
		{0AE85611-066D-455F-9A23-766194F06039}.Release|Any CPU.ActiveCfg = Release|Any CPU
		{0AE85611-066D-455F-9A23-766194F06039}.Release|Any CPU.Build.0 = Release|Any CPU
	EndGlobalSection
	GlobalSection(SolutionProperties) = preSolution
		HideSolutionNode = FALSE
	EndGlobalSection
EndGlobal
