
Microsoft Visual Studio Solution File, Format Version 12.00
# Visual Studio 11
Project("{FAE04EC0-301F-11D3-BF4B-00C04F79EFBC}") = "Trin_VstcoreActionsPaneWordCS", "Trin_VstcoreActionsPaneWordCS.csproj", "{F3028447-F2E8-4960-BAC5-E223197518CE}"
EndProject
Global
	GlobalSection(SolutionConfigurationPlatforms) = preSolution
		Debug|Any CPU = Debug|Any CPU
		Release|Any CPU = Release|Any CPU
	EndGlobalSection
	GlobalSection(ProjectConfigurationPlatforms) = preSolution
		{F3028447-F2E8-4960-BAC5-E223197518CE}.Debug|Any CPU.ActiveCfg = Debug|Any CPU
		{F3028447-F2E8-4960-BAC5-E223197518CE}.Debug|Any CPU.Build.0 = Debug|Any CPU
		{F3028447-F2E8-4960-BAC5-E223197518CE}.Release|Any CPU.ActiveCfg = Release|Any CPU
		{F3028447-F2E8-4960-BAC5-E223197518CE}.Release|Any CPU.Build.0 = Release|Any CPU
	EndGlobalSection
	GlobalSection(SolutionProperties) = preSolution
		HideSolutionNode = FALSE
	EndGlobalSection
EndGlobal
