
Microsoft Visual Studio Solution File, Format Version 12.00
# Visual Studio 11
Project("{FAE04EC0-301F-11D3-BF4B-00C04F79EFBC}") = "Trin_VstcoreExcelAutomationAddIn", "Trin_VstcoreExcelAutomationAddIn.csproj", "{7D77BAAE-429D-474E-B8B4-9590FE3009AA}"
EndProject
Global
	GlobalSection(SolutionConfigurationPlatforms) = preSolution
		Debug|Any CPU = Debug|Any CPU
		Release|Any CPU = Release|Any CPU
	EndGlobalSection
	GlobalSection(ProjectConfigurationPlatforms) = preSolution
		{7D77BAAE-429D-474E-B8B4-9590FE3009AA}.Debug|Any CPU.ActiveCfg = Debug|Any CPU
		{7D77BAAE-429D-474E-B8B4-9590FE3009AA}.Debug|Any CPU.Build.0 = Debug|Any CPU
		{7D77BAAE-429D-474E-B8B4-9590FE3009AA}.Release|Any CPU.ActiveCfg = Release|Any CPU
		{7D77BAAE-429D-474E-B8B4-9590FE3009AA}.Release|Any CPU.Build.0 = Release|Any CPU
	EndGlobalSection
	GlobalSection(SolutionProperties) = preSolution
		HideSolutionNode = FALSE
	EndGlobalSection
EndGlobal
